
Microsoft Visual Studio Solution File, Format Version 12.00
# Visual Studio Version 17
VisualStudioVersion = 17.6.33513.286
MinimumVisualStudioVersion = 10.0.40219.1
Project("{9A19103F-16F7-4668-BE54-9A1E7A4F7556}") = "TodoApi", "TodoApi.csproj", "{E37A709F-ED40-4F47-AB83-452E49302A5B}"
EndProject
Global
	GlobalSection(SolutionConfigurationPlatforms) = preSolution
		Debug|Any CPU = Debug|Any CPU
		Release|Any CPU = Release|Any CPU
	EndGlobalSection
	GlobalSection(ProjectConfigurationPlatforms) = postSolution
		{E37A709F-ED40-4F47-AB83-452E49302A5B}.Debug|Any CPU.ActiveCfg = Debug|Any CPU
		{E37A709F-ED40-4F47-AB83-452E49302A5B}.Debug|Any CPU.Build.0 = Debug|Any CPU
		{E37A709F-ED40-4F47-AB83-452E49302A5B}.Release|Any CPU.ActiveCfg = Release|Any CPU
		{E37A709F-ED40-4F47-AB83-452E49302A5B}.Release|Any CPU.Build.0 = Release|Any CPU
	EndGlobalSection
	GlobalSection(SolutionProperties) = preSolution
		HideSolutionNode = FALSE
	EndGlobalSection
	GlobalSection(ExtensibilityGlobals) = postSolution
		SolutionGuid = {3363E120-3C0A-4D5E-B8CF-188844718B1C}
	EndGlobalSection
EndGlobal
